version = 1
revision = 2
requires-python = ">=3.11"
resolution-markers = [
    "python_full_version >= '3.13' and sys_platform == 'win32'",
    "platform_machine == 'x86_64' and sys_platform == 'linux'",
    "platform_machine == 'i686' and sys_platform == 'linux'",
    "platform_machine == 'aarch64' and sys_platform == 'linux'",
    "platform_machine == 'armv7l' and sys_platform == 'linux'",
    "platform_machine == 'ppc64le' and sys_platform == 'linux'",
    "platform_machine == 's390x' and sys_platform == 'linux'",
    "(python_full_version < '3.13' and sys_platform == 'win32') or (platform_machine != 'aarch64' and platform_machine != 'armv7l' and platform_machine != 'i686' and platform_machine != 'ppc64le' and platform_machine != 's390x' and platform_machine != 'x86_64' and sys_platform == 'linux') or (sys_platform != 'linux' and sys_platform != 'win32')",
]

[[package]]
name = "cabarchive"
version = "0.2.5"
source = { registry = "https://pypi.org/simple" }
sdist = { url = "https://files.pythonhosted.org/packages/6c/1b/097ffa53a733fe9849afd62c22c3b4f133526a035ec050546689a083a73f/cabarchive-0.2.5.tar.gz", hash = "sha256:b508b1cad890857e55f3f7a2027ca7bedb9dc05de5eff07f8289f9546200a7aa", size = 22245, upload-time = "2026-02-10T11:23:05.953Z" }
wheels = [
    { url = "https://files.pythonhosted.org/packages/f8/f8/00c61b5e24958103f98989c6d9b916bf41528e58c4360e4ad40104fc9201/cabarchive-0.2.5-py3-none-any.whl", hash = "sha256:6d95d83145625898143d732dc0aa0443e53b4262fe9f282f3db5cdedfaf31e01", size = 28127, upload-time = "2026-02-10T11:23:04.403Z" },
]

[[package]]
name = "cx-freeze"
version = "8.6.4"
source = { registry = "https://pypi.org/simple" }
dependencies = [
    { name = "dmgbuild", marker = "sys_platform == 'darwin'" },
    { name = "filelock", marker = "sys_platform == 'linux'" },
    { name = "freeze-core" },
    { name = "lief", marker = "sys_platform == 'win32'" },
    { name = "packaging" },
    { name = "patchelf", marker = "(platform_machine == 'aarch64' and sys_platform == 'linux') or (platform_machine == 'armv7l' and sys_platform == 'linux') or (platform_machine == 'i686' and sys_platform == 'linux') or (platform_machine == 'ppc64le' and sys_platform == 'linux') or (platform_machine == 's390x' and sys_platform == 'linux') or (platform_machine == 'x86_64' and sys_platform == 'linux')" },
    { name = "python-msilib", marker = "python_full_version >= '3.13' and sys_platform == 'win32'" },
    { name = "setuptools" },
]
sdist = { url = "https://files.pythonhosted.org/packages/a7/9c/11c9386d4de038da0052910bce2a9aa2313b25cde2c2666069a5b333332c/cx_freeze-8.6.4.tar.gz", hash = "sha256:16227706ad06b4b96f77c48980e2b363f0302c971f66c6b05567fd63a27596a4", size = 1377425, upload-time = "2026-04-13T06:00:31.606Z" }
wheels = [
    { url = "https://files.pythonhosted.org/packages/eb/b2/22eacec14d521da35211b5fc368da9ee68c2dc91b9fcf0c90bdbfe9b2306/cx_freeze-8.6.4-py3-none-any.whl", hash = "sha256:37f1ac07d1c2f5e6e28eaf71bc24cb8300045d5e9998447fdc9662471ce6df88", size = 251189, upload-time = "2026-04-13T06:00:29.421Z" },
]

[[package]]
name = "dmgbuild"
version = "1.6.7"
source = { registry = "https://pypi.org/simple" }
dependencies = [
    { name = "ds-store", marker = "(python_full_version < '3.13' and sys_platform == 'win32') or (platform_machine != 'aarch64' and platform_machine != 'armv7l' and platform_machine != 'i686' and platform_machine != 'ppc64le' and platform_machine != 's390x' and platform_machine != 'x86_64' and sys_platform == 'linux') or (sys_platform != 'linux' and sys_platform != 'win32')" },
    { name = "mac-alias", marker = "(python_full_version < '3.13' and sys_platform == 'win32') or (platform_machine != 'aarch64' and platform_machine != 'armv7l' and platform_machine != 'i686' and platform_machine != 'ppc64le' and platform_machine != 's390x' and platform_machine != 'x86_64' and sys_platform == 'linux') or (sys_platform != 'linux' and sys_platform != 'win32')" },
]
sdist = { url = "https://files.pythonhosted.org/packages/a7/a5/f4dbd63c96902de8f2427a82518aaeedac0006587409294e55a14e45f367/dmgbuild-1.6.7.tar.gz", hash = "sha256:676b17acd448899f6d4a83b2184e0657480444ecb6ac9c4922889efad9e5dbfb", size = 36938, upload-time = "2026-01-15T23:13:43.779Z" }
wheels = [
    { url = "https://files.pythonhosted.org/packages/6c/4a/8812638bba991a55a4b670806ab9cf60207077401893bb308eb1b04f288c/dmgbuild-1.6.7-py3-none-any.whl", hash = "sha256:37ee5771c377beb3203d9164aae8046ffed8531c06edf9227f5788b3c599b1bf", size = 34853, upload-time = "2026-01-15T23:13:41.854Z" },
]

[[package]]
name = "ds-store"
version = "1.3.3"
source = { registry = "https://pypi.org/simple" }
dependencies = [
    { name = "mac-alias", marker = "(python_full_version < '3.13' and sys_platform == 'win32') or (platform_machine != 'aarch64' and platform_machine != 'armv7l' and platform_machine != 'i686' and platform_machine != 'ppc64le' and platform_machine != 's390x' and platform_machine != 'x86_64' and sys_platform == 'linux') or (sys_platform != 'linux' and sys_platform != 'win32')" },
]
sdist = { url = "https://files.pythonhosted.org/packages/65/88/6b56e5648599959735be58281b15e6955c735b759e475a72236f85e28ffe/ds_store-1.3.3.tar.gz", hash = "sha256:a7380896ea1e880f7ba07c5cdc24bd1530fb86836cad0be531f3e80e2d721ac5", size = 27503, upload-time = "2026-06-23T00:17:51.642Z" }
wheels = [
    { url = "https://files.pythonhosted.org/packages/66/c0/718a4132306ff8ff052f2c40595f45595993b480409400d55b07f3842d45/ds_store-1.3.3-py3-none-any.whl", hash = "sha256:b92a371efbf1b4ccce2a04d1ed13fceacc4736c81ba09cf5aefb74c088160a35", size = 16292, upload-time = "2026-06-23T00:17:50.202Z" },
]

[[package]]
name = "earth-photo-manager"
version = "0.1.0"
source = { virtual = "." }
dependencies = [
    { name = "cx-freeze" },
    { name = "pyside6" },
]

[package.metadata]
requires-dist = [
    { name = "cx-freeze", specifier = ">=7.0" },
    { name = "pyside6", specifier = ">=6.6" },
]

[[package]]
name = "filelock"
version = "3.32.0"
source = { registry = "https://pypi.org/simple" }
sdist = { url = "https://files.pythonhosted.org/packages/c0/80/8232b582c4b318b817cf1274ba74976b07b34d35ef439b3eb948f98645a1/filelock-3.32.0.tar.gz", hash = "sha256:7be2ad23a14607ccc71808e68fe30848aeace7058ace17852f68e2a68e310402", size = 213757, upload-time = "2026-07-21T13:17:42.898Z" }
wheels = [
    { url = "https://files.pythonhosted.org/packages/06/79/b4c714bef36bc4ec2beeae1e0c124f0223888cd8c6feb1cdc56038116920/filelock-3.32.0-py3-none-any.whl", hash = "sha256:d396bea984af47333ef05e50eae7eff88c84256de6112aea0ec48a233c064fe3", size = 97732, upload-time = "2026-07-21T13:17:41.55Z" },
]

[[package]]
name = "freeze-core"
version = "0.6.1"
source = { registry = "https://pypi.org/simple" }
dependencies = [
    { name = "cabarchive", marker = "sys_platform == 'win32'" },
    { name = "filelock" },
    { name = "striprtf", marker = "sys_platform == 'win32'" },
]
sdist = { url = "https://files.pythonhosted.org/packages/15/0d/1415721fce1b24d88c1460f67059678d7e5a5975baccf5dde790f2158bf7/freeze_core-0.6.1.tar.gz", hash = "sha256:819642aa58b4e2c19e1ade025d9563e437c07c90fe6ac5c891e8ecee2044a2ef", size = 1636378, upload-time = "2026-03-10T13:24:03.726Z" }
wheels = [
    { url = "https://files.pythonhosted.org/packages/94/fc/def98ebab5c7cdc685328da2e5e4b18905d552c3d9a307bc9530fe0b4e4f/freeze_core-0.6.1-cp311-cp311-macosx_10_9_universal2.whl", hash = "sha256:5512d1430e445d5511900c07cca35d2ccb1ab109b9a0e7117a163cc5d10bc8fb", size = 21147321, upload-time = "2026-03-10T13:21:49.572Z" },
    { url = "https://files.pythonhosted.org/packages/3d/c9/1d684c1b4f43668685091cd6955a2bb3bbd41c29dedb4cfd1cbc0d867baa/freeze_core-0.6.1-cp311-cp311-manylinux2014_aarch64.manylinux_2_17_aarch64.whl", hash = "sha256:38a125a88437585c2c119beb9f4dacb2f4d43bcd636dc126bf198a1a5271224d", size = 14345159, upload-time = "2026-03-10T13:21:52.314Z" },
    { url = "https://files.pythonhosted.org/packages/6b/9d/77df6e46d5e1edaac516e93e76afde7bc2cfb5a574e5bcce0e185ece63e6/freeze_core-0.6.1-cp311-cp311-manylinux2014_ppc64le.manylinux_2_17_ppc64le.whl", hash = "sha256:75ae95e29440970115c6467fddd56ff0349ef7c0d633c22118c14fc6a7a09824", size = 14661935, upload-time = "2026-03-10T13:21:54.707Z" },
    { url = "https://files.pythonhosted.org/packages/5c/58/850fde95631a7eae5760e479a7b71f15075a61571fd9b43bbaacf61d6f82/freeze_core-0.6.1-cp311-cp311-manylinux2014_x86_64.manylinux_2_17_x86_64.whl", hash = "sha256:6c699bd210e438d176793d78a13f8eebceb7a5c046cf319ec67d37f3ade8ee19", size = 14199007, upload-time = "2026-03-10T13:21:57.3Z" },
    { url = "https://files.pythonhosted.org/packages/3f/0c/8714789acfb25b17ab07702d59e8e51bdf976115375e4a5d2e80ab57da8d/freeze_core-0.6.1-cp311-cp311-musllinux_1_2_aarch64.whl", hash = "sha256:1e5a83273ea3f1ba5675bbc90e8ef6fb9c84b4c704ecb99fc00aa72ac609051f", size = 14616428, upload-time = "2026-03-10T13:22:01.281Z" },
    { url = "https://files.pythonhosted.org/packages/4a/ae/1404152c30cdfb875f22aac79520cfca6b24a9c82b3fa33a7421b68bc613/freeze_core-0.6.1-cp311-cp311-musllinux_1_2_x86_64.whl", hash = "sha256:cd74353a0c1cdcf3497072b3f06884ac9c9a3966f20f43a3be665e53c5abdbe1", size = 14509767, upload-time = "2026-03-10T13:22:04.066Z" },
    { url = "https://files.pythonhosted.org/packages/0e/a2/9fd11acd2fa4165e8fae28127bb151f6ed2eabb77f71ea7eb23d3682cd1d/freeze_core-0.6.1-cp311-cp311-win32.whl", hash = "sha256:ffdbff036c06612e7bcc47d9f83d34717099611986e07637c39f01ab1c28ca18", size = 1728157, upload-time = "2026-03-10T13:22:06.568Z" },
    { url = "https://files.pythonhosted.org/packages/e7/8a/2bb2a270c002ef6d8664ec4c86b93edac2090d76d29024281a0bd0eb808e/freeze_core-0.6.1-cp311-cp311-win_amd64.whl", hash = "sha256:3848872c2113ed2c636dfd0da2c917d58d150dfc44d56d43ec3f10b8f9da2fb9", size = 1733534, upload-time = "2026-03-10T13:22:08.545Z" },
    { url = "https://files.pythonhosted.org/packages/d1/b1/3edfc6a041f00b1196f82d2e448b4a5d9812200735ee45b22eee6992f92e/freeze_core-0.6.1-cp311-cp311-win_arm64.whl", hash = "sha256:0c683acd149c9f22d0574880f64b225e07b430612fd98dbad7e1d3f2261ab30d", size = 1721552, upload-time = "2026-03-10T13:22:10.668Z" },
    { url = "https://files.pythonhosted.org/packages/f8/c9/6c1f389673e9bd6c202545c6173359a80df9a7b10fdd10de7c585c5ba776/freeze_core-0.6.1-cp312-cp312-macosx_10_13_universal2.whl", hash = "sha256:3dd8adf9d6acb4c44785f3f3e317f3ba8a494bda7c14e24da096602bb687dc29", size = 21506014, upload-time = "2026-03-10T13:22:12.546Z" },
    { url = "https://files.pythonhosted.org/packages/e6/00/70c2afcd6b58444633e3cbad0c7c08cdf3192688bce76371d6ae2cac797e/freeze_core-0.6.1-cp312-cp312-manylinux2014_aarch64.manylinux_2_17_aarch64.whl", hash = "sha256:12f838b25d21eac6f1cc254e9325daa3949da0bb06ad28aa9a4ea26b88b8eaa9", size = 15007419, upload-time = "2026-03-10T13:22:15.153Z" },
    { url = "https://files.pythonhosted.org/packages/af/37/afb2882a73b27d60e2d66ae626f50c3141bdfbafe1ce9d7cfdef87bea51a/freeze_core-0.6.1-cp312-cp312-manylinux2014_ppc64le.manylinux_2_17_ppc64le.whl", hash = "sha256:71b249ce8bd393a75a47e87c2705e45dd5ff6ab12af1a663f78e1c29d48a96c6", size = 15319950, upload-time = "2026-03-10T13:22:17.812Z" },
    { url = "https://files.pythonhosted.org/packages/d5/6b/228bc53a455177243343da18e91d54e0861d3ab38f5b15fc6cd78e22fbd2/freeze_core-0.6.1-cp312-cp312-manylinux2014_x86_64.manylinux_2_17_x86_64.whl", hash = "sha256:26caca8bab204d9b1f9dff35560e1bd403ddaedb0b6f4215eacc0550ed7fb59d", size = 14873174, upload-time = "2026-03-10T13:22:20.399Z" },
    { url = "https://files.pythonhosted.org/packages/92/83/2d74f2b8c997d43a28f7a3e1d23ad12444772996b151533d66d58fcf39ee/freeze_core-0.6.1-cp312-cp312-musllinux_1_2_aarch64.whl", hash = "sha256:665b7dabd8be0566122bd311b0a6c90813eb6c21b8c1e8006c092186aff858ec", size = 15266689, upload-time = "2026-03-10T13:22:23.217Z" },
    { url = "https://files.pythonhosted.org/packages/98/c0/a39275833cc12094f008a1b80fe23035f43d5e597e9cfffdf27fb6ed7cfc/freeze_core-0.6.1-cp312-cp312-musllinux_1_2_x86_64.whl", hash = "sha256:be128cb726c62c806a77c32855a9706c24b4fbfc018b6f0a0b0268fabdd4cfca", size = 15187288, upload-time = "2026-03-10T13:22:26.266Z" },
    { url = "https://files.pythonhosted.org/packages/7d/39/a370542fe43cee7628a9fa20a37ec3c5087caba0a8c70efea2aa33767470/freeze_core-0.6.1-cp312-cp312-win32.whl", hash = "sha256:58b237d75fc88051c99e7a6201068a118b20df4f72a1375cdb7aa3ca728c2d00", size = 1727664, upload-time = "2026-03-10T13:22:28.416Z" },
    { url = "https://files.pythonhosted.org/packages/af/ed/d40cfb105d0fb8d550be9bcecf6c322d1bd1bc90f8e1925d25b8d7f7b718/freeze_core-0.6.1-cp312-cp312-win_amd64.whl", hash = "sha256:1c95b6d5e7b490582d81fad84bc54e6144dc581ff9f36e10f2c221373ac9e1ca", size = 1732937, upload-time = "2026-03-10T13:22:29.837Z" },
    { url = "https://files.pythonhosted.org/packages/9e/38/eae012527a2483c82cb534208747ae757a9bee681c1b38581c1b32188e0b/freeze_core-0.6.1-cp312-cp312-win_arm64.whl", hash = "sha256:4379f1145d329a2232435cef7f8ea3342aa5e24dfe2db003a3df18751ab02627", size = 1720985, upload-time = "2026-03-10T13:22:31.442Z" },
    { url = "https://files.pythonhosted.org/packages/89/fa/3888afe1e2571642e9cc2cc4388decc3c3648ed6aca2bd61e6ce3abb031b/freeze_core-0.6.1-cp313-cp313-macosx_10_13_universal2.whl", hash = "sha256:fa2a186ca05672160e20f4a566090b35c47fd8d542922011f16a341c240ed5e4", size = 20917877, upload-time = "2026-03-10T13:22:34.19Z" },
    { url = "https://files.pythonhosted.org/packages/46/00/67ad22616aae4ff97b372376958392815878697128895404e614df7d083f/freeze_core-0.6.1-cp313-cp313-manylinux2014_aarch64.manylinux_2_17_aarch64.whl", hash = "sha256:e612bab462ae284cf277f210f5635951309ec360c1aa3f71010512005511d099", size = 13018448, upload-time = "2026-03-10T13:22:37.045Z" },
    { url = "https://files.pythonhosted.org/packages/16/ad/ffe4aa9938b498bbf7968575c221e7fc859df890a0845c982852bec3b4f7/freeze_core-0.6.1-cp313-cp313-manylinux2014_ppc64le.manylinux_2_17_ppc64le.whl", hash = "sha256:4baa5ea7ba5e802de724ac9cf2a42a4888e8f5510ecca944a9005cf223ec6d63", size = 13258968, upload-time = "2026-03-10T13:22:41.103Z" },
    { url = "https://files.pythonhosted.org/packages/08/9e/f904bc4aa1eb81e3096334cba65ae95bab3074be9249d32d0a48a22d886a/freeze_core-0.6.1-cp313-cp313-manylinux2014_x86_64.manylinux_2_17_x86_64.whl", hash = "sha256:f5d27a6e6adeb544880e60c13432ae346abd5be8fd843b663e867e168826c524", size = 12867877, upload-time = "2026-03-10T13:22:43.709Z" },
    { url = "https://files.pythonhosted.org/packages/e4/5a/528264c753a06712e72989c2ea4885bdce6b88911e8c6c0b97525e5676b9/freeze_core-0.6.1-cp313-cp313-musllinux_1_2_aarch64.whl", hash = "sha256:b544c6ea15b65364a87c22566c06e9f11ac2ee861f3d4d7ff7fc9679287e7954", size = 13195209, upload-time = "2026-03-10T13:22:46.401Z" },
    { url = "https://files.pythonhosted.org/packages/94/eb/3c46d6a3cf4025d98a5da7b117378706fa8d3f633ba67dbf292096238fbd/freeze_core-0.6.1-cp313-cp313-musllinux_1_2_x86_64.whl", hash = "sha256:ac1ca1897e08aab3e377d513f87724ccf1649f0c71c3aad4ff3ee640577b34d4", size = 13045517, upload-time = "2026-03-10T13:22:49.285Z" },
    { url = "https://files.pythonhosted.org/packages/6b/23/d4bf1e22f6382fa6cb5e709c4603300dacd1ce60be9621994369016f41da/freeze_core-0.6.1-cp313-cp313-win32.whl", hash = "sha256:06d16f47c4c218c90514d915f3dda161ed6dcd7dcb9ad147db51e7b057eb27ee", size = 1697556, upload-time = "2026-03-10T13:22:51.791Z" },
    { url = "https://files.pythonhosted.org/packages/a5/d8/507e0cd19075647633534e7419b7421391e098a547e8c031262d6b295d7a/freeze_core-0.6.1-cp313-cp313-win_amd64.whl", hash = "sha256:b3e1e4940c459a72ab6b3151ac9ad4a692550980ef1deb11b760e49e65e6cd9b", size = 1700776, upload-time = "2026-03-10T13:22:53.573Z" },
    { url = "https://files.pythonhosted.org/packages/f9/c0/e6bcd8a498d6da0dd6e0d6ce90a959c01713f05bb5266f8e18402f3e147a/freeze_core-0.6.1-cp313-cp313-win_arm64.whl", hash = "sha256:54d8a89df1bd34dc10f7f5d95d9d4c326652a7a83ebfc06d2bfe0415580c6fec", size = 1693443, upload-time = "2026-03-10T13:22:55.104Z" },
    { url = "https://files.pythonhosted.org/packages/35/b4/36cb2e7bce3f0e59a79a04ef882e447814f298a10d547d74ee23aab42a12/freeze_core-0.6.1-cp313-cp313t-macosx_10_13_universal2.whl", hash = "sha256:134f3811dd21ea86cff52ad94f4c241405aa51e74fac9fba4a15d6ea9c886ed8", size = 20749807, upload-time = "2026-03-10T13:22:57.181Z" },
    { url = "https://files.pythonhosted.org/packages/ac/ed/4bbbca0fd2e6f08de0f65c2b3b9baca965918184d301356cdd87f78579d0/freeze_core-0.6.1-cp313-cp313t-manylinux2014_aarch64.manylinux_2_17_aarch64.whl", hash = "sha256:fb37cadba23e8e6c16622aa6ddf630dbf27e06739fb7c8cc2532f50c3a48563a", size = 13236626, upload-time = "2026-03-10T13:22:59.961Z" },
    { url = "https://files.pythonhosted.org/packages/8c/d7/8788d8ab58bb416509d22ecf5af53320f6d387c345667f3648e644b5da81/freeze_core-0.6.1-cp313-cp313t-manylinux2014_ppc64le.manylinux_2_17_ppc64le.whl", hash = "sha256:d6a44251d55f9fc1d4b20486e3a73c1d8bd13cd7998eca5c87622e22a3f0f258", size = 13409093, upload-time = "2026-03-10T13:23:02.476Z" },
    { url = "https://files.pythonhosted.org/packages/f6/a1/596c8975cb32b5b0caf398ae4f3038c926f161248e74b06b35df6e205411/freeze_core-0.6.1-cp313-cp313t-manylinux2014_x86_64.manylinux_2_17_x86_64.whl", hash = "sha256:ccd31f02d3f5b4492bb647859939a906f0c1b3615101a935beae75c81a3eafe6", size = 13045646, upload-time = "2026-03-10T13:23:04.995Z" },
    { url = "https://files.pythonhosted.org/packages/cd/16/f4684100964f525ea249bb6eabe1f81ad28cde3f4997253fb90dff6bfa65/freeze_core-0.6.1-cp313-cp313t-musllinux_1_2_aarch64.whl", hash = "sha256:ddcf1f706f887fb39d181a2a2709a3b6c75ba3f86d8fcdfa49b81f9ed159ecc0", size = 13357764, upload-time = "2026-03-10T13:23:08.15Z" },
    { url = "https://files.pythonhosted.org/packages/81/9f/eee6af62cfd3dc04e41e5dd0efa31af1169b4085d22268ab37d3eef5e6ab/freeze_core-0.6.1-cp313-cp313t-musllinux_1_2_x86_64.whl", hash = "sha256:079c4ffc500212382d3a131fd2e691e8103b2cdaca40f6fcff475e35cef86cd8", size = 13190414, upload-time = "2026-03-10T13:23:10.779Z" },
    { url = "https://files.pythonhosted.org/packages/b1/70/f3c841b39b656a4ff5f5a3fca0f9f66244b4287e5e2b33821a49c4754444/freeze_core-0.6.1-cp313-cp313t-win32.whl", hash = "sha256:19b1f39e3b27aae437f08ad2429f1ef276f4839576e1c6cc242456c426c1239a", size = 1699189, upload-time = "2026-03-10T13:23:12.899Z" },
    { url = "https://files.pythonhosted.org/packages/bb/fc/53ac506d27b3f8405d7e15d4c933bc98ed0e95f7ee0cd1195f14984235b7/freeze_core-0.6.1-cp313-cp313t-win_amd64.whl", hash = "sha256:ca65c4d3c5191da679653f35151671d84418713343c3b20563b658533e625f33", size = 1702654, upload-time = "2026-03-10T13:23:14.487Z" },
    { url = "https://files.pythonhosted.org/packages/1c/cd/d61be69c18714df94f2675d6f1672c8887580917af933d1adf5085863a3a/freeze_core-0.6.1-cp313-cp313t-win_arm64.whl", hash = "sha256:d2d51ecb6e4e646ba5fae75bd36b036f6bf9b483cb702b38922b4598f2ba9fa6", size = 1694869, upload-time = "2026-03-10T13:23:16.004Z" },
    { url = "https://files.pythonhosted.org/packages/a6/65/4b696f5da094a1c4e5ec6e91db35f622ef0ef01a2f84a200edfca017f6c6/freeze_core-0.6.1-cp314-cp314-macosx_10_15_universal2.whl", hash = "sha256:bcc743c9d1050f676eed05c821b02030f8e50bf35d38619a40627a5ce8a64f4e", size = 22583875, upload-time = "2026-03-10T13:23:19.131Z" },
    { url = "https://files.pythonhosted.org/packages/27/ed/1bee3f566fb49141ac99d57c746f7b227f80caadba9379638d6d2730c6bd/freeze_core-0.6.1-cp314-cp314-manylinux2014_aarch64.manylinux_2_17_aarch64.whl", hash = "sha256:074d26fb9c3d4da2a5dc93a70d3353456316b4dea2055bad98bf4e45e79899e9", size = 13597729, upload-time = "2026-03-10T13:23:21.896Z" },
    { url = "https://files.pythonhosted.org/packages/4c/6c/f93ce336753c20c72bfad502ef35a02693fc84e9362f36656d5d10794ccb/freeze_core-0.6.1-cp314-cp314-manylinux2014_ppc64le.manylinux_2_17_ppc64le.whl", hash = "sha256:7e72b5232308369cf20ee8f4519daab7458ca00a93b310922f867effc57762fa", size = 13939794, upload-time = "2026-03-10T13:23:24.519Z" },
    { url = "https://files.pythonhosted.org/packages/1e/c1/9ab83a25b10ed0c96c12872a4ac9f5ea18dccc1bc4efdf1c993f11c78aa4/freeze_core-0.6.1-cp314-cp314-manylinux2014_x86_64.manylinux_2_17_x86_64.whl", hash = "sha256:2055268857aabcb9f0e7e951f1dffc236830348fd7307a0dd0f92122c91ff8b9", size = 13539417, upload-time = "2026-03-10T13:23:27.533Z" },
    { url = "https://files.pythonhosted.org/packages/68/b4/b5e23ffc272f4019fa53024d948ab411d37a819f8f2e2bd6d706a0085fbd/freeze_core-0.6.1-cp314-cp314-musllinux_1_2_aarch64.whl", hash = "sha256:c050f70064085acf1a7c29e51ae15b42bf6741c1d71656c1ea49fca0fdded0e7", size = 13725629, upload-time = "2026-03-10T13:23:30.57Z" },
    { url = "https://files.pythonhosted.org/packages/5b/42/c2dc5f65570d820d3cdd56e94ea3bbd076bed5725388044949ff7156ca9e/freeze_core-0.6.1-cp314-cp314-musllinux_1_2_x86_64.whl", hash = "sha256:7586d30f1abd2b5aebf6e88ca6262f360dbbd249908e6bfc33534d1ac8438627", size = 13676506, upload-time = "2026-03-10T13:23:33.795Z" },
    { url = "https://files.pythonhosted.org/packages/86/b6/5e403caca71a4eefd5e0040b0e11c368f8232a2d8d77655fe5b303f2e24b/freeze_core-0.6.1-cp314-cp314-win32.whl", hash = "sha256:a823721f8b07de0700feef2342ad45f685c044193e480c81d483ab6f8b911d89", size = 1704660, upload-time = "2026-03-10T13:23:36.365Z" },
    { url = "https://files.pythonhosted.org/packages/c8/47/cbf8baca239233854cf6e5843c9320a3733169f84e0d9cc743961f7c64d3/freeze_core-0.6.1-cp314-cp314-win_amd64.whl", hash = "sha256:5bfb220a525fa130864b3eb6ebc9f44002d6fec74df82d9366f9dafc89513c20", size = 1707580, upload-time = "2026-03-10T13:23:38.721Z" },
    { url = "https://files.pythonhosted.org/packages/a9/e7/e5c6b89cb584a12180a8803a18173ad74c908dd26773bdee181ca5448bd8/freeze_core-0.6.1-cp314-cp314-win_arm64.whl", hash = "sha256:ae7162d863b73ff62f06e12185f62d57a0296da800523932ac62886950a72f85", size = 1699662, upload-time = "2026-03-10T13:23:40.253Z" },
    { url = "https://files.pythonhosted.org/packages/97/bc/3a38cd16e8e2f7ecfe8a854f46e885d59ce92a43f27a6b5f5f154139f856/freeze_core-0.6.1-cp314-cp314t-macosx_10_15_universal2.whl", hash = "sha256:4e34682706745f6eb347f6df9e59fc31d5c68666bb6f4257631872f4ffbd4bb1", size = 22911122, upload-time = "2026-03-10T13:23:42.654Z" },
    { url = "https://files.pythonhosted.org/packages/7d/8f/81e515666dbbea13876960f58f03341c1a44ddf1dd80d8d179233bda81a9/freeze_core-0.6.1-cp314-cp314t-manylinux2014_aarch64.manylinux_2_17_aarch64.whl", hash = "sha256:21fd14fe82eaab8f7c2514fca3439f49c72061978615c364997912cf38572a18", size = 13863564, upload-time = "2026-03-10T13:23:45.326Z" },
    { url = "https://files.pythonhosted.org/packages/39/2b/2a8d44694b8c12ebea369a8e4e97f0e935255daed450c16febf554ec39f1/freeze_core-0.6.1-cp314-cp314t-manylinux2014_ppc64le.manylinux_2_17_ppc64le.whl", hash = "sha256:3e6c2980d0f2ae385e4fe9114e79723d64f85c53c4e49ff57231b1050bcf2c7c", size = 14132782, upload-time = "2026-03-10T13:23:48.136Z" },
    { url = "https://files.pythonhosted.org/packages/45/ba/401d76f3c401633f7248f609c08607f7329598a8b88ee4a4d7690c6403f3/freeze_core-0.6.1-cp314-cp314t-manylinux2014_x86_64.manylinux_2_17_x86_64.whl", hash = "sha256:913a1e4668cf56182aaa834783c29c9c13c717ee93c6039f2b840b6ce0f265d8", size = 13769652, upload-time = "2026-03-10T13:23:50.729Z" },
    { url = "https://files.pythonhosted.org/packages/48/e5/928b484d0f3879c3ed821b4e2ca4903333dbcdb5c72ebb0aa32f67eeebfa/freeze_core-0.6.1-cp314-cp314t-musllinux_1_2_aarch64.whl", hash = "sha256:1f7ae8d098fd961d7f3590cfcfb0f27a7e5cae1176e486238a73d91494ed7501", size = 13931182, upload-time = "2026-03-10T13:23:53.636Z" },
    { url = "https://files.pythonhosted.org/packages/f6/a7/3651651b1f2ffa97644c2c73ce484bc55a0868ab1e92b24806be5f3bc9d7/freeze_core-0.6.1-cp314-cp314t-musllinux_1_2_x86_64.whl", hash = "sha256:630fcd320c03a2f30d6b642eea3930915d770974bc4584cef1794ee3e5f1809f", size = 13863308, upload-time = "2026-03-10T13:23:56.298Z" },
    { url = "https://files.pythonhosted.org/packages/1f/bc/3bdae6566a539adc700bc8b5809c0832a836eeb91c608ff40781eb7d6fae/freeze_core-0.6.1-cp314-cp314t-win32.whl", hash = "sha256:0b371c9d58393d22617f31696851dccdde7eef80cfffb99195168e27e6900701", size = 1706351, upload-time = "2026-03-10T13:23:59.076Z" },
    { url = "https://files.pythonhosted.org/packages/3a/84/2c20debbed9f36d9ef2e91c779104ccb5623e59dcb8744106f8c0979bb14/freeze_core-0.6.1-cp314-cp314t-win_amd64.whl", hash = "sha256:3431b2b4ccf729b13ed87d165a313ac990241f4e98fc807f25c1e753edac0d6b", size = 1709502, upload-time = "2026-03-10T13:24:00.827Z" },
    { url = "https://files.pythonhosted.org/packages/0c/b3/a4af87f033b547a4d84848f8c7d4c03569e04403dcc2ba7c0e6b787b1cd1/freeze_core-0.6.1-cp314-cp314t-win_arm64.whl", hash = "sha256:46f177017e9f9c75b0710a63597fe259f41f57221bbee3f00b66784642a52807", size = 1701098, upload-time = "2026-03-10T13:24:02.289Z" },
]

[[package]]
name = "lief"
version = "0.17.6"
source = { registry = "https://pypi.org/simple" }
sdist = { url = "https://files.pythonhosted.org/packages/d9/b9/6b27bff4676de0db4231ca585ed35bc6e13f5430c1bbf0ad0e9d2e9f552f/lief-0.17.6.tar.gz", hash = "sha256:c2164243f152e82c49b0ccd606155b758644f4b1ee221f0dbd4da055469a922f", size = 7171, upload-time = "2026-03-18T06:59:43.351Z" }
wheels = [
    { url = "https://files.pythonhosted.org/packages/7f/4a/0a65be6faf0a4426e3cf71ce49565da0c12a745d4bcb623309467803a26d/lief-0.17.6-cp311-cp311-win32.whl", hash = "sha256:fb8ea20af86b25b852d7fa4ba96cdaab2184b1a1529469786b2474dc2e1be446", size = 3439338, upload-time = "2026-03-18T06:57:48.664Z" },
    { url = "https://files.pythonhosted.org/packages/27/6a/5c79df6a36e249332a661dfb6d0a892af657d561d03f4838d491f3922875/lief-0.17.6-cp311-cp311-win_amd64.whl", hash = "sha256:347495918478606fc47d90a503791c308812f0a3ef5200b2c1e577e0bebd7c7e", size = 3627765, upload-time = "2026-03-18T06:57:50.665Z" },
    { url = "https://files.pythonhosted.org/packages/7a/31/a1ba3dc448cd560622dee015fdfd76c689eb150e9d60b59ebdf1908d074a/lief-0.17.6-cp311-cp311-win_arm64.whl", hash = "sha256:1b8339f385b64bf9da42ac8f5d5fc4c9f4235c4d9d804e472ffe8f1fddc830cb", size = 3458551, upload-time = "2026-03-18T06:57:52.178Z" },
    { url = "https://files.pythonhosted.org/packages/a0/16/c83222badede13959735f3b253fb52d231327b5386d6fd2cf9e3d4b83933/lief-0.17.6-cp312-cp312-win32.whl", hash = "sha256:0aca84f35ec67854ffdb38a23b1848cb214df3e3f95eb7579bac3107e9f68cc8", size = 3446288, upload-time = "2026-03-18T06:58:08.987Z" },
    { url = "https://files.pythonhosted.org/packages/17/d7/cd49540bb32fde031e612044d1345c381e79e5b0729b47ca6b9694a47071/lief-0.17.6-cp312-cp312-win_amd64.whl", hash = "sha256:5a34d651eb82e24a113f837b1a961d23e155be41d72bf39a37407854c6597a8b", size = 3639449, upload-time = "2026-03-18T06:58:10.821Z" },
    { url = "https://files.pythonhosted.org/packages/2e/96/c557b6757b72cfaea89a432e9d0a5ea669970ef9ae8086a17d1f73274156/lief-0.17.6-cp312-cp312-win_arm64.whl", hash = "sha256:234a422fe7158e755ac0acdd0bfdfd41f75392dad9dac147dd3b9c7a9f1a6811", size = 3461129, upload-time = "2026-03-18T06:58:12.651Z" },
    { url = "https://files.pythonhosted.org/packages/1a/ea/51e90c58b40bc316307f2081160ab6100b9e7d177fde3225b441085defd2/lief-0.17.6-cp313-cp313-win32.whl", hash = "sha256:2f669d5b4e63c6e66cac48e07d0f23436bf898ec9d0630016d23250e2eb43d28", size = 3446184, upload-time = "2026-03-18T06:58:28.981Z" },
    { url = "https://files.pythonhosted.org/packages/6b/73/8ddc48c492f3295637a6aa13f07c67387d80c815ee779443938689dc59b4/lief-0.17.6-cp313-cp313-win_amd64.whl", hash = "sha256:51b6c5932d4f36d61fb17fe783d9e1bfba33ec1d72b3d07486c96e6f548781ff", size = 3639310, upload-time = "2026-03-18T06:58:31.162Z" },
    { url = "https://files.pythonhosted.org/packages/bf/bf/b7802b6578ca3a6506aaac6696ac1e8de500419fee3cd288184e82a8c2aa/lief-0.17.6-cp313-cp313-win_arm64.whl", hash = "sha256:6d4eb8adce400af52cc174ac5cbe40ab10b9df5824193975d12e2d4f85b298a3", size = 3461166, upload-time = "2026-03-18T06:58:32.975Z" },
    { url = "https://files.pythonhosted.org/packages/8f/51/f79886a906eee3a5abc58dc30da1e6c22c41c868e0df446fb280ff2344cb/lief-0.17.6-cp314-cp314-win32.whl", hash = "sha256:503fd8df6425a6c0386df9ca6e4f4ce29d07d268f0620ee1d4059eb4d48c2562", size = 3446331, upload-time = "2026-03-18T06:58:50.52Z" },
    { url = "https://files.pythonhosted.org/packages/83/6f/d396dae3808a35699c4be74e356d3e05f58e150fc14b49c39f0bacb62e11/lief-0.17.6-cp314-cp314-win_amd64.whl", hash = "sha256:918ea953830ecf348e5a8d9cf0b1a178035d6d4032bf2a9aa1dc72483e06b3a1", size = 3638021, upload-time = "2026-03-18T06:58:52.275Z" },
    { url = "https://files.pythonhosted.org/packages/e3/4c/02df1befee243e4c14bf5740c391178ba4f7b4602ff08936da170341afe9/lief-0.17.6-cp314-cp314-win_arm64.whl", hash = "sha256:7dcefa6467f0f0d75413a10e7869e488344347f0c67eff5bc49ec216714f0674", size = 3462306, upload-time = "2026-03-18T06:58:54.937Z" },
]

[[package]]
name = "mac-alias"
version = "2.2.3"
source = { registry = "https://pypi.org/simple" }
sdist = { url = "https://files.pythonhosted.org/packages/fb/c9/2c28b2ea968a6bbc4327c0360b746fda3757cb11cf287d00078cf81a27e2/mac_alias-2.2.3.tar.gz", hash = "sha256:1c7fa367687d66979f2ce4d1a8b2716cf1c9fb811741cab3cf3ca356555c2beb", size = 33860, upload-time = "2025-12-04T00:58:13.679Z" }
wheels = [
    { url = "https://files.pythonhosted.org/packages/13/20/103f4e4a6e8a524ea92eee7d938c6133d0b129aa999a50f8648ad126c728/mac_alias-2.2.3-py3-none-any.whl", hash = "sha256:7362b521d2132ef92f606a37abfed5fcd849ceb2f28b6f9743e014b02af92f0d", size = 21127, upload-time = "2025-12-04T00:58:11.931Z" },
]

[[package]]
name = "packaging"
version = "26.2"
source = { registry = "https://pypi.org/simple" }
sdist = { url = "https://files.pythonhosted.org/packages/d7/f1/e7a6dd94a8d4a5626c03e4e99c87f241ba9e350cd9e6d75123f992427270/packaging-26.2.tar.gz", hash = "sha256:ff452ff5a3e828ce110190feff1178bb1f2ea2281fa2075aadb987c2fb221661", size = 228134, upload-time = "2026-04-24T20:15:23.917Z" }
wheels = [
    { url = "https://files.pythonhosted.org/packages/df/b2/87e62e8c3e2f4b32e5fe99e0b86d576da1312593b39f47d8ceef365e95ed/packaging-26.2-py3-none-any.whl", hash = "sha256:5fc45236b9446107ff2415ce77c807cee2862cb6fac22b8a73826d0693b0980e", size = 100195, upload-time = "2026-04-24T20:15:22.081Z" },
]

[[package]]
name = "patchelf"
version = "0.17.2.4"
source = { registry = "https://pypi.org/simple" }
sdist = { url = "https://files.pythonhosted.org/packages/2c/a3/fdd3fa938c864aa2f11dd0b7f08befeda983d2dcdee44da493c6977a653f/patchelf-0.17.2.4.tar.gz", hash = "sha256:970ee5cd8af33e5ea2099510b2f9013fa1b8d5cd763bf3fd3961281c18101a09", size = 149629, upload-time = "2025-07-23T21:16:32.071Z" }
wheels = [
    { url = "https://files.pythonhosted.org/packages/0b/6d/2e9f5483cdb352fab36b8076667b062b2d79cb09d2e3fd09b6fca5771cb6/patchelf-0.17.2.4-py3-none-manylinux1_i686.manylinux_2_5_i686.musllinux_1_1_i686.whl", hash = "sha256:09fd848d625a165fc7b7e07745508c24077129b019c4415a882938781d43adf8", size = 547318, upload-time = "2025-07-23T21:16:22.135Z" },
    { url = "https://files.pythonhosted.org/packages/7e/19/f7821ef31aab01fa7dc8ebe697ece88ec4f7a0fdd3155dab2dfee4b00e5c/patchelf-0.17.2.4-py3-none-manylinux1_x86_64.manylinux_2_5_x86_64.musllinux_1_1_x86_64.whl", hash = "sha256:d9b35ebfada70c02679ad036407d9724ffe1255122ba4ac5e4be5868618a5689", size = 482846, upload-time = "2025-07-23T21:16:23.73Z" },
    { url = "https://files.pythonhosted.org/packages/d1/50/107fea848ecfd851d473b079cab79107487d72c4c3cdb25b9d2603a24ca2/patchelf-0.17.2.4-py3-none-manylinux2014_aarch64.manylinux_2_17_aarch64.musllinux_1_1_aarch64.whl", hash = "sha256:2931a1b5b85f3549661898af7bf746afbda7903c7c9a967cfc998a3563f84fad", size = 477811, upload-time = "2025-07-23T21:16:25.145Z" },
    { url = "https://files.pythonhosted.org/packages/89/a9/a9a2103e159fd65bffbc21ecc5c8c36e44eb34fe53b4ef85fb6d08c2a635/patchelf-0.17.2.4-py3-none-manylinux2014_armv7l.manylinux_2_17_armv7l.musllinux_1_1_armv7l.whl", hash = "sha256:ae44cb3c857d50f54b99e5697aa978726ada33a8a6129d4b8b7ffd28b996652d", size = 431226, upload-time = "2025-07-23T21:16:26.765Z" },
    { url = "https://files.pythonhosted.org/packages/87/93/897d612f6df7cfd987bdf668425127efeff8d8e4ad8bfbab1c69d2a0d861/patchelf-0.17.2.4-py3-none-manylinux2014_ppc64le.manylinux_2_17_ppc64le.musllinux_1_1_ppc64le.whl", hash = "sha256:680a266a70f60a7a4f4c448482c5bdba80cc8e6bb155a49dcc24238ba49927b0", size = 540276, upload-time = "2025-07-23T21:16:27.983Z" },
    { url = "https://files.pythonhosted.org/packages/5d/b8/2b92d11533482bac9ee989081d6880845287751b5f528adbd6bb27667fbd/patchelf-0.17.2.4-py3-none-manylinux2014_s390x.manylinux_2_17_s390x.musllinux_1_1_s390x.whl", hash = "sha256:d842b51f0401460f3b1f3a3a67d2c266a8f515a5adfbfa6e7b656cb3ac2ed8bc", size = 596632, upload-time = "2025-07-23T21:16:29.253Z" },
    { url = "https://files.pythonhosted.org/packages/14/e2/975d4bdb418f942b53e6187b95bd9e0d5e0488b7bc214685a1e43e2c2751/patchelf-0.17.2.4-py3-none-manylinux_2_31_riscv64.musllinux_1_1_riscv64.whl", hash = "sha256:7076d9e127230982e20a81a6e2358d3343004667ba510d9f822d4fdee29b0d71", size = 508281, upload-time = "2025-07-23T21:16:30.865Z" },
]

[[package]]
name = "pyside6"
version = "6.11.1"
source = { registry = "https://pypi.org/simple" }
dependencies = [
    { name = "pyside6-addons" },
    { name = "pyside6-essentials" },
    { name = "shiboken6" },
]
wheels = [
    { url = "https://files.pythonhosted.org/packages/da/a6/27ba5947ed48918f7b74b7c43a1e280aac069e36f25adeb4c9adfac835c4/pyside6-6.11.1-cp310-abi3-macosx_13_0_universal2.whl", hash = "sha256:537682c3b7530817203e667c1f5a2f00486b37bf52c52eeab438544c7a0917f6", size = 571921, upload-time = "2026-05-13T09:47:36.402Z" },
    { url = "https://files.pythonhosted.org/packages/d8/de/af89d71410c83b10654d86ff9aff2a4f87c30163658f1cc145242e222526/pyside6-6.11.1-cp310-abi3-manylinux_2_34_x86_64.whl", hash = "sha256:b1fc521ba2bb5109425ab8add06bddbdd524abcad06cfa012cc39a22a189feb2", size = 572102, upload-time = "2026-05-13T09:47:38.249Z" },
    { url = "https://files.pythonhosted.org/packages/b6/0e/d583bd3f7bf5046a4497b36f3902cfb64aa29554489a5a25c18e6b4ac0ac/pyside6-6.11.1-cp310-abi3-manylinux_2_39_aarch64.whl", hash = "sha256:75f0005c3eb95c07cfb65522ec50d0815ac007a96482c21dc3cb4b4c04895d84", size = 572098, upload-time = "2026-05-13T09:47:39.44Z" },
    { url = "https://files.pythonhosted.org/packages/57/f2/d9d8ce1373dabb37e5919f63cd18446556079631d3f2eea3ada03c29f6b8/pyside6-6.11.1-cp310-abi3-win_amd64.whl", hash = "sha256:0968877ab1fb4ef3587a284da6fe05e8647ada56a6a3750b6395188e01f4aba6", size = 578377, upload-time = "2026-05-13T09:47:40.76Z" },
    { url = "https://files.pythonhosted.org/packages/96/02/a6057d8bd2bdb1940820fff2d627fdf4013148c9c57adf69fa40d3452ac3/pyside6-6.11.1-cp310-abi3-win_arm64.whl", hash = "sha256:acee467cb5f256cc47ebb9d815a054c1d8416da380c191b247a76d164aa3f805", size = 561765, upload-time = "2026-05-13T09:47:41.9Z" },
]

[[package]]
name = "pyside6-addons"
version = "6.11.1"
source = { registry = "https://pypi.org/simple" }
dependencies = [
    { name = "pyside6-essentials" },
    { name = "shiboken6" },
]
wheels = [
    { url = "https://files.pythonhosted.org/packages/3f/6b/8bc94aff48b63f788f2d84e5467c12362d68906ba742c0942f46cb04c879/pyside6_addons-6.11.1-cp310-abi3-macosx_13_0_universal2.whl", hash = "sha256:54733c77f789bef5f03c6aff4ad3bec8b2eff021f0cfcbc53d5e6c250ded24f9", size = 331714589, upload-time = "2026-05-13T09:39:12.36Z" },
    { url = "https://files.pythonhosted.org/packages/dd/62/fb1428a523b2a4541e232aab50d9e789e6b4526f37fd9593452a7ea5b6b3/pyside6_addons-6.11.1-cp310-abi3-manylinux_2_34_x86_64.whl", hash = "sha256:8e6c65fbd73a512d6f72cda8d8277444a85a34dc99dd1dae9c21d35b8671bb1f", size = 175063224, upload-time = "2026-05-13T09:39:34.185Z" },
    { url = "https://files.pythonhosted.org/packages/ee/9b/2ccd52f66db55c06de65d0501170a1935d04d64d0a230c0d892284a02ce3/pyside6_addons-6.11.1-cp310-abi3-manylinux_2_39_aarch64.whl", hash = "sha256:bf1c6c4e954e5eba3d2a7c661ad4b9689e8f09c7f4a16bdf29713371d11af993", size = 170553429, upload-time = "2026-05-13T09:39:54.424Z" },
    { url = "https://files.pythonhosted.org/packages/9a/bd/8adc4d350b3b363f3dfc8fccdcf5bfed25f7e36c2fff30c64e106f4f1572/pyside6_addons-6.11.1-cp310-abi3-win_amd64.whl", hash = "sha256:0d13c4dfd671b050a48e4f8d8ddc724b7248f9c0437e7fc47fdf316278572923", size = 168816308, upload-time = "2026-05-13T09:40:13.541Z" },
    { url = "https://files.pythonhosted.org/packages/65/b7/9a840d97f0f0f04e372a87e205dd30ee285b4e3b021b188459a917c9dc76/pyside6_addons-6.11.1-cp310-abi3-win_arm64.whl", hash = "sha256:3494f480dee92f415be2f2d989c0b3f4755ac332b28045cbf4ba0f5c5a22ba37", size = 35759347, upload-time = "2026-05-13T09:40:21.199Z" },
]

[[package]]
name = "pyside6-essentials"
version = "6.11.1"
source = { registry = "https://pypi.org/simple" }
dependencies = [
    { name = "shiboken6" },
]
wheels = [
    { url = "https://files.pythonhosted.org/packages/b3/da/10d9197e7370eb4fed8df5fc547b7548dec88e5c5949e2d450db4ae96feb/pyside6_essentials-6.11.1-cp310-abi3-macosx_13_0_universal2.whl", hash = "sha256:228de53c2bc26b07e5021fbe3614fc44ca08e4dab9999af08c2b389d2c239957", size = 110352945, upload-time = "2026-05-13T09:43:08.006Z" },
    { url = "https://files.pythonhosted.org/packages/5c/49/0e1237c4400bec7e335d2c4eeb49bc40d9fd88a9ac44ca9083ce1abdc308/pyside6_essentials-6.11.1-cp310-abi3-manylinux_2_34_x86_64.whl", hash = "sha256:e3ef7027b41e4e55fadb56e3b3257dc8ee92154b639fe67fc4c8e05e9d976c60", size = 79908535, upload-time = "2026-05-13T09:43:24.836Z" },
    { url = "https://files.pythonhosted.org/packages/4c/c5/da4c5f23c6540ac5211a1f60177c8dee84b1bf40f2719479587ab8c60731/pyside6_essentials-6.11.1-cp310-abi3-manylinux_2_39_aarch64.whl", hash = "sha256:a039b6da68a3a4b9d243217b2b98d475eed3f617159ef6be925badab53c11b0d", size = 78960051, upload-time = "2026-05-13T09:43:35.423Z" },
    { url = "https://files.pythonhosted.org/packages/64/0e/b663ecc96ca57b5c91b83b6615d6b174380b0faf30338125c26e053d6aa7/pyside6_essentials-6.11.1-cp310-abi3-win_amd64.whl", hash = "sha256:63311bd48e32c584599ab04b9ef7c324082374cd2c9fa533f978fb893bb47e40", size = 77549267, upload-time = "2026-05-13T09:43:44.92Z" },
    { url = "https://files.pythonhosted.org/packages/f1/12/eb6723faf5cb7fa581145da1c15f40d641b96e080f0491af2f1859fdeedb/pyside6_essentials-6.11.1-cp310-abi3-win_arm64.whl", hash = "sha256:11253ea52aabecefe9febddbbe78b43a824129e3af1cec98431028fba7fa954f", size = 57964512, upload-time = "2026-05-13T09:43:52.968Z" },
]

[[package]]
name = "python-msilib"
version = "0.6.0"
source = { registry = "https://pypi.org/simple" }
sdist = { url = "https://files.pythonhosted.org/packages/03/58/c960776020f5dd26f92d8d6b22e6119bb3308596ea46cafbc2349fb85673/python_msilib-0.6.0.tar.gz", hash = "sha256:47a6c16aa8528b797bd81e71cc544505b5444543319dbaf12011123b750c9d3c", size = 60311, upload-time = "2026-04-21T07:23:25.206Z" }
wheels = [
    { url = "https://files.pythonhosted.org/packages/20/e0/5de407bc1774e81d08ef042ff82dae5666dc7937218ccf2c09cc1f1ab07a/python_msilib-0.6.0-cp313-cp313-win32.whl", hash = "sha256:1145ce1e0eaf2af2948a02147415c621323cb2b2ff118fccdac333941547c11b", size = 69856, upload-time = "2026-04-21T07:23:14.017Z" },
    { url = "https://files.pythonhosted.org/packages/df/77/6573fa7ba9ed439f619636aa0968d3be7971a087927986402e9a0769b340/python_msilib-0.6.0-cp313-cp313-win_amd64.whl", hash = "sha256:41b83e39c622a79042b3d1745421ce3492b954d701d7aeaf942d974c31291431", size = 71292, upload-time = "2026-04-21T07:23:15.287Z" },
    { url = "https://files.pythonhosted.org/packages/f4/1b/ad577d4b234f02b68a2f1982bb217b34f3291a55e2eca627244c8b7cd3e8/python_msilib-0.6.0-cp313-cp313-win_arm64.whl", hash = "sha256:3ac47071f27755b11f9e01d7222c2babd84997410f4f0d96ded55c187b0b1fb8", size = 69759, upload-time = "2026-04-21T07:23:16.768Z" },
    { url = "https://files.pythonhosted.org/packages/6d/83/0dd355efdc8dc96ddad1f17d226200fc18a47b61d7630afb0b89f7e7c186/python_msilib-0.6.0-cp314-cp314-win32.whl", hash = "sha256:8144e6249d12768e08844672175404b21a1f7ce4b7b6d539858a4f9ad6d6ca6c", size = 69170, upload-time = "2026-04-21T07:23:17.908Z" },
    { url = "https://files.pythonhosted.org/packages/62/cd/1216b58c6d16f6d9b48d498b0a872d47826f9e13aa6e5fe633a0d2007319/python_msilib-0.6.0-cp314-cp314-win_amd64.whl", hash = "sha256:281421203401afef589321f16d92d7aea8e5cf35f0345e47174346a3dde24808", size = 70460, upload-time = "2026-04-21T07:23:19.334Z" },
    { url = "https://files.pythonhosted.org/packages/fc/5a/fdf1802014832403302a500f4ba996db3bd1ad3a7b477d60c6591e5edca1/python_msilib-0.6.0-cp314-cp314-win_arm64.whl", hash = "sha256:c2fbc0d9388c937222f2ef717385aade5a3696bdc3b81150a0098c0cb79b58b9", size = 68845, upload-time = "2026-04-21T07:23:20.408Z" },
    { url = "https://files.pythonhosted.org/packages/aa/20/8ad88d88c8b454d304457e75106475a3cbde5b37e5ee643902289aeda76f/python_msilib-0.6.0-cp314-cp314t-win32.whl", hash = "sha256:e511a1b4e247901416a39167090a5e58d1b65d1a5b401d0250dce983f4ab0980", size = 69364, upload-time = "2026-04-21T07:23:21.865Z" },
    { url = "https://files.pythonhosted.org/packages/81/8a/04c95442ca969827b0982c7ed07d5682c2540780ef428127c5c9e138fdd5/python_msilib-0.6.0-cp314-cp314t-win_amd64.whl", hash = "sha256:848e7dd1fc61407d207fa4a2b7ac12b3a2de376d394a1d3f70ac4034bc9cd1a9", size = 70683, upload-time = "2026-04-21T07:23:22.992Z" },
    { url = "https://files.pythonhosted.org/packages/dd/98/e29aadcb9e7ae04d4efd41ef1b0959fbc2273bdfed3b66d160fec75854dc/python_msilib-0.6.0-cp314-cp314t-win_arm64.whl", hash = "sha256:a645358b02e17b0de61ea3f1dcd9f5d6b738148b1f317e2e864a08e04eeb80f3", size = 69044, upload-time = "2026-04-21T07:23:24.12Z" },
]

[[package]]
name = "setuptools"
version = "82.0.1"
source = { registry = "https://pypi.org/simple" }
sdist = { url = "https://files.pythonhosted.org/packages/4f/db/cfac1baf10650ab4d1c111714410d2fbb77ac5a616db26775db562c8fab2/setuptools-82.0.1.tar.gz", hash = "sha256:7d872682c5d01cfde07da7bccc7b65469d3dca203318515ada1de5eda35efbf9", size = 1152316, upload-time = "2026-03-09T12:47:17.221Z" }
wheels = [
    { url = "https://files.pythonhosted.org/packages/9d/76/f789f7a86709c6b087c5a2f52f911838cad707cc613162401badc665acfe/setuptools-82.0.1-py3-none-any.whl", hash = "sha256:a59e362652f08dcd477c78bb6e7bd9d80a7995bc73ce773050228a348ce2e5bb", size = 1006223, upload-time = "2026-03-09T12:47:15.026Z" },
]

[[package]]
name = "shiboken6"
version = "6.11.1"
source = { registry = "https://pypi.org/simple" }
wheels = [
    { url = "https://files.pythonhosted.org/packages/17/f3/f2b63df0251e7cd3172ea28e32ede52739de9566bcefcd0178681538ac81/shiboken6-6.11.1-cp310-abi3-macosx_13_0_universal2.whl", hash = "sha256:1a16867f103ef1c662a5f09dfed03273a9f81688b174555162c58e83650a3f02", size = 476874, upload-time = "2026-05-13T09:47:01.091Z" },
    { url = "https://files.pythonhosted.org/packages/c7/9b/e0355d8897b5c150770f1d95718aad17d432fcc9c035c04f3f58427d4693/shiboken6-6.11.1-cp310-abi3-manylinux_2_34_x86_64.whl", hash = "sha256:9a8bccfafc8805254cabcfa1edfaf55cd52889f4998c91ad0d9a4433fb1bcdbe", size = 272222, upload-time = "2026-05-13T09:47:02.653Z" },
    { url = "https://files.pythonhosted.org/packages/57/d5/dd4f1defed400be03340f2ede34b61f846776650b4e7ed9ebaf4c71979a2/shiboken6-6.11.1-cp310-abi3-manylinux_2_39_aarch64.whl", hash = "sha256:1bd2f4314414df2d122d9f646e03b731bc6d6b5f77a5f53f99a4fe4e97d84e6f", size = 270350, upload-time = "2026-05-13T09:47:04.02Z" },
    { url = "https://files.pythonhosted.org/packages/52/b5/3f6fb2ee65b534193fb4ef713dd619dc31dadff5d12c16979a7699ad58be/shiboken6-6.11.1-cp310-abi3-win_amd64.whl", hash = "sha256:c2c6863aa80ec18c0f82cea3417837b279cdc60024ac17123461dc9042577df7", size = 1223647, upload-time = "2026-05-13T09:47:05.924Z" },
    { url = "https://files.pythonhosted.org/packages/98/d1/f15ca0e1666faae02c945f48e745ea35f8fcd8243b176109b4e2c4251f47/shiboken6-6.11.1-cp310-abi3-win_arm64.whl", hash = "sha256:7c8d9af17db4495d4fa5b1c393f218311c4855546b9dfa6a0bd21bcd66b55e9d", size = 1784170, upload-time = "2026-05-13T09:47:07.617Z" },
]

[[package]]
name = "striprtf"
version = "0.0.32"
source = { registry = "https://pypi.org/simple" }
sdist = { url = "https://files.pythonhosted.org/packages/86/f9/b3ecbd2e0abb9c29edd2913482f0c5df47a098221444ccd50cc5cd3f9b91/striprtf-0.0.32.tar.gz", hash = "sha256:7f375a375d99a2700842173168c90c9b545cb244241ffc5d868ed9f6baf9155f", size = 7571, upload-time = "2026-04-27T15:42:37.15Z" }
wheels = [
    { url = "https://files.pythonhosted.org/packages/c3/cf/4157959aa36a567faab32a5fb078904b76654bdd86a3d7f8fba21ed89d84/striprtf-0.0.32-py3-none-any.whl", hash = "sha256:9f695fea9662cb4ffccf2b56286b3e77028c0a61e87258719584e681e0144869", size = 8044, upload-time = "2026-04-27T15:42:35.948Z" },
]
